
Microsoft Visual Studio Solution File, Format Version 12.00
# Visual Studio Version 17
VisualStudioVersion = 17.7.34031.279
MinimumVisualStudioVersion = 10.0.40219.1
Project("{2150E333-8FDC-42A3-9474-1A3956D46DE8}") = "Task0", "Task0", "{EE07B0B8-90F4-49BD-995A-5FA646B82111}"
EndProject
Project("{FAE04EC0-301F-11D3-BF4B-00C04F79EFBC}") = "Tyuiu.AlmukhametovTI.Sprint3.Task0.V10", "Tyuiu.AlmukhametovTI.Sprint3.Task0.V10\Tyuiu.AlmukhametovTI.Sprint3.Task0.V10.csproj", "{33B8F4B8-CEB5-4268-A0FE-401D08E3C328}"
EndProject
Project("{FAE04EC0-301F-11D3-BF4B-00C04F79EFBC}") = "Tyuiu.AlmukhametovTI.Sprint3.Task0.V10.Lib", "Tyuiu.AlmukhametovTI.Sprint3.Task0.V10.Lib\Tyuiu.AlmukhametovTI.Sprint3.Task0.V10.Lib.csproj", "{9C2B117A-8232-4ABD-8C77-7C12D8C822E1}"
EndProject
Project("{FAE04EC0-301F-11D3-BF4B-00C04F79EFBC}") = "Tyuiu.AlmukhametovTI.Sprint3.Task0.V10.Test", "Tyuiu.AlmukhametovTI.Sprint3.Task0.V10.Test\Tyuiu.AlmukhametovTI.Sprint3.Task0.V10.Test.csproj", "{E6257544-65E3-4ADB-BB55-BF82DC224796}"
EndProject
Project("{2150E333-8FDC-42A3-9474-1A3956D46DE8}") = "Task1", "Task1", "{C48738AD-8B04-4A74-9F0A-841AA68F71F7}"
EndProject
Project("{FAE04EC0-301F-11D3-BF4B-00C04F79EFBC}") = "Tyuiu.AlmukhametovTI.Sprint3.Task1.V30", "Tyuiu.AlmukhametovTI.Sprint3.Task1.V30\Tyuiu.AlmukhametovTI.Sprint3.Task1.V30.csproj", "{B697B2C1-CA86-475B-8C01-02875BA33778}"
EndProject
Project("{FAE04EC0-301F-11D3-BF4B-00C04F79EFBC}") = "Tyuiu.AlmukhametovTI.Sprint3.Task1.V30.Lib", "Tyuiu.AlmukhametovTI.Sprint3.Task1.V30.Lib\Tyuiu.AlmukhametovTI.Sprint3.Task1.V30.Lib.csproj", "{E4C793EA-7FB3-4F66-8F75-7374DE8EC922}"
EndProject
Project("{FAE04EC0-301F-11D3-BF4B-00C04F79EFBC}") = "Tyuiu.AlmukhametovTI.Sprint3.Task1.V30.Test", "Tyuiu.AlmukhametovTI.Sprint3.Task1.V30.Test\Tyuiu.AlmukhametovTI.Sprint3.Task1.V30.Test.csproj", "{AD1DFCE4-9DBF-4637-BA12-5810D06A794D}"
EndProject
Project("{2150E333-8FDC-42A3-9474-1A3956D46DE8}") = "Task2", "Task2", "{7BE28083-7524-41EF-BBDC-1489F1376C83}"
EndProject
Project("{FAE04EC0-301F-11D3-BF4B-00C04F79EFBC}") = "Tyuiu.AlmukhametovTI.Sprint3.Task2.V1", "Tyuiu.AlmukhametovTI.Sprint3.Task2.V1\Tyuiu.AlmukhametovTI.Sprint3.Task2.V1.csproj", "{1EA24AF8-3296-47B9-90E4-334A572D3CFC}"
EndProject
Project("{FAE04EC0-301F-11D3-BF4B-00C04F79EFBC}") = "Tyuiu.AlmukhametovTI.Sprint3.Task2.V1.Lib", "Tyuiu.AlmukhametovTI.Sprint3.Task2.V1.Lib\Tyuiu.AlmukhametovTI.Sprint3.Task2.V1.Lib.csproj", "{57288AA3-2113-4DD3-8507-06F647813936}"
EndProject
Project("{FAE04EC0-301F-11D3-BF4B-00C04F79EFBC}") = "Tyuiu.AlmukhametovTI.Sprint3.Task2.V1.Test", "Tyuiu.AlmukhametovTI.Sprint3.Task2.V1.Test\Tyuiu.AlmukhametovTI.Sprint3.Task2.V1.Test.csproj", "{64C20523-6420-4811-A907-DE7728923035}"
EndProject
Project("{2150E333-8FDC-42A3-9474-1A3956D46DE8}") = "Task3", "Task3", "{6572E666-D728-4E8C-BC75-99437AE788B9}"
EndProject
Project("{FAE04EC0-301F-11D3-BF4B-00C04F79EFBC}") = "Tyuiu.AlmukhametovTI.Sprint3.Task3.V30", "Tyuiu.AlmukhametovTI.Sprint3.Task3.V30\Tyuiu.AlmukhametovTI.Sprint3.Task3.V30.csproj", "{E816CA55-A0A2-4043-815E-6C98D43222E0}"
EndProject
Project("{FAE04EC0-301F-11D3-BF4B-00C04F79EFBC}") = "Tyuiu.AlmukhametovTI.Sprint3.Task3.V30.Lib", "Tyuiu.AlmukhametovTI.Sprint3.Task3.V30.Lib\Tyuiu.AlmukhametovTI.Sprint3.Task3.V30.Lib.csproj", "{6D873495-E9AD-43B3-AFE3-9DD1E5D069EF}"
EndProject
Project("{FAE04EC0-301F-11D3-BF4B-00C04F79EFBC}") = "Tyuiu.AlmukhametovTI.Sprint3.Task3.V30.Test", "Tyuiu.AlmukhametovTI.Sprint3.Task3.V30.Test\Tyuiu.AlmukhametovTI.Sprint3.Task3.V30.Test.csproj", "{4AF7C0F4-CAD6-447E-A04D-C4E9FA52F653}"
EndProject
Project("{2150E333-8FDC-42A3-9474-1A3956D46DE8}") = "Task4", "Task4", "{F471EFFF-712A-44B5-9474-B40B5C586FC6}"
EndProject
Project("{FAE04EC0-301F-11D3-BF4B-00C04F79EFBC}") = "Tyuiu.AlmukhametovTI.Sprint3.Task4.V24", "Tyuiu.AlmukhametovTI.Sprint3.Task4.V24\Tyuiu.AlmukhametovTI.Sprint3.Task4.V24.csproj", "{20C541BE-28ED-44B9-91C4-4509843377C1}"
EndProject
Project("{FAE04EC0-301F-11D3-BF4B-00C04F79EFBC}") = "Tyuiu.AlmukhametovTI.Sprint3.Task4.V24.Lib", "Tyuiu.AlmukhametovTI.Sprint3.Task4.V24.Lib\Tyuiu.AlmukhametovTI.Sprint3.Task4.V24.Lib.csproj", "{9EF9A14C-6E46-40D4-9E82-05655D94BE74}"
EndProject
Project("{FAE04EC0-301F-11D3-BF4B-00C04F79EFBC}") = "Tyuiu.AlmukhametovTI.Sprint3.Task4.V24.Test", "Tyuiu.AlmukhametovTI.Sprint3.Task4.V24.Test\Tyuiu.AlmukhametovTI.Sprint3.Task4.V24.Test.csproj", "{DF04E1CB-7BC9-4690-B854-5A3A05E7C50A}"
EndProject
Global
	GlobalSection(SolutionConfigurationPlatforms) = preSolution
		Debug|Any CPU = Debug|Any CPU
		Release|Any CPU = Release|Any CPU
	EndGlobalSection
	GlobalSection(ProjectConfigurationPlatforms) = postSolution
		{33B8F4B8-CEB5-4268-A0FE-401D08E3C328}.Debug|Any CPU.ActiveCfg = Debug|Any CPU
		{33B8F4B8-CEB5-4268-A0FE-401D08E3C328}.Debug|Any CPU.Build.0 = Debug|Any CPU
		{33B8F4B8-CEB5-4268-A0FE-401D08E3C328}.Release|Any CPU.ActiveCfg = Release|Any CPU
		{33B8F4B8-CEB5-4268-A0FE-401D08E3C328}.Release|Any CPU.Build.0 = Release|Any CPU
		{9C2B117A-8232-4ABD-8C77-7C12D8C822E1}.Debug|Any CPU.ActiveCfg = Debug|Any CPU
		{9C2B117A-8232-4ABD-8C77-7C12D8C822E1}.Debug|Any CPU.Build.0 = Debug|Any CPU
		{9C2B117A-8232-4ABD-8C77-7C12D8C822E1}.Release|Any CPU.ActiveCfg = Release|Any CPU
		{9C2B117A-8232-4ABD-8C77-7C12D8C822E1}.Release|Any CPU.Build.0 = Release|Any CPU
		{E6257544-65E3-4ADB-BB55-BF82DC224796}.Debug|Any CPU.ActiveCfg = Debug|Any CPU
		{E6257544-65E3-4ADB-BB55-BF82DC224796}.Debug|Any CPU.Build.0 = Debug|Any CPU
		{E6257544-65E3-4ADB-BB55-BF82DC224796}.Release|Any CPU.ActiveCfg = Release|Any CPU
		{E6257544-65E3-4ADB-BB55-BF82DC224796}.Release|Any CPU.Build.0 = Release|Any CPU
		{B697B2C1-CA86-475B-8C01-02875BA33778}.Debug|Any CPU.ActiveCfg = Debug|Any CPU
		{B697B2C1-CA86-475B-8C01-02875BA33778}.Debug|Any CPU.Build.0 = Debug|Any CPU
		{B697B2C1-CA86-475B-8C01-02875BA33778}.Release|Any CPU.ActiveCfg = Release|Any CPU
		{B697B2C1-CA86-475B-8C01-02875BA33778}.Release|Any CPU.Build.0 = Release|Any CPU
		{E4C793EA-7FB3-4F66-8F75-7374DE8EC922}.Debug|Any CPU.ActiveCfg = Debug|Any CPU
		{E4C793EA-7FB3-4F66-8F75-7374DE8EC922}.Debug|Any CPU.Build.0 = Debug|Any CPU
		{E4C793EA-7FB3-4F66-8F75-7374DE8EC922}.Release|Any CPU.ActiveCfg = Release|Any CPU
		{E4C793EA-7FB3-4F66-8F75-7374DE8EC922}.Release|Any CPU.Build.0 = Release|Any CPU
		{AD1DFCE4-9DBF-4637-BA12-5810D06A794D}.Debug|Any CPU.ActiveCfg = Debug|Any CPU
		{AD1DFCE4-9DBF-4637-BA12-5810D06A794D}.Debug|Any CPU.Build.0 = Debug|Any CPU
		{AD1DFCE4-9DBF-4637-BA12-5810D06A794D}.Release|Any CPU.ActiveCfg = Release|Any CPU
		{AD1DFCE4-9DBF-4637-BA12-5810D06A794D}.Release|Any CPU.Build.0 = Release|Any CPU
		{1EA24AF8-3296-47B9-90E4-334A572D3CFC}.Debug|Any CPU.ActiveCfg = Debug|Any CPU
		{1EA24AF8-3296-47B9-90E4-334A572D3CFC}.Debug|Any CPU.Build.0 = Debug|Any CPU
		{1EA24AF8-3296-47B9-90E4-334A572D3CFC}.Release|Any CPU.ActiveCfg = Release|Any CPU
		{1EA24AF8-3296-47B9-90E4-334A572D3CFC}.Release|Any CPU.Build.0 = Release|Any CPU
		{57288AA3-2113-4DD3-8507-06F647813936}.Debug|Any CPU.ActiveCfg = Debug|Any CPU
		{57288AA3-2113-4DD3-8507-06F647813936}.Debug|Any CPU.Build.0 = Debug|Any CPU
		{57288AA3-2113-4DD3-8507-06F647813936}.Release|Any CPU.ActiveCfg = Release|Any CPU
		{57288AA3-2113-4DD3-8507-06F647813936}.Release|Any CPU.Build.0 = Release|Any CPU
		{64C20523-6420-4811-A907-DE7728923035}.Debug|Any CPU.ActiveCfg = Debug|Any CPU
		{64C20523-6420-4811-A907-DE7728923035}.Debug|Any CPU.Build.0 = Debug|Any CPU
		{64C20523-6420-4811-A907-DE7728923035}.Release|Any CPU.ActiveCfg = Release|Any CPU
		{64C20523-6420-4811-A907-DE7728923035}.Release|Any CPU.Build.0 = Release|Any CPU
		{E816CA55-A0A2-4043-815E-6C98D43222E0}.Debug|Any CPU.ActiveCfg = Debug|Any CPU
		{E816CA55-A0A2-4043-815E-6C98D43222E0}.Debug|Any CPU.Build.0 = Debug|Any CPU
		{E816CA55-A0A2-4043-815E-6C98D43222E0}.Release|Any CPU.ActiveCfg = Release|Any CPU
		{E816CA55-A0A2-4043-815E-6C98D43222E0}.Release|Any CPU.Build.0 = Release|Any CPU
		{6D873495-E9AD-43B3-AFE3-9DD1E5D069EF}.Debug|Any CPU.ActiveCfg = Debug|Any CPU
		{6D873495-E9AD-43B3-AFE3-9DD1E5D069EF}.Debug|Any CPU.Build.0 = Debug|Any CPU
		{6D873495-E9AD-43B3-AFE3-9DD1E5D069EF}.Release|Any CPU.ActiveCfg = Release|Any CPU
		{6D873495-E9AD-43B3-AFE3-9DD1E5D069EF}.Release|Any CPU.Build.0 = Release|Any CPU
		{4AF7C0F4-CAD6-447E-A04D-C4E9FA52F653}.Debug|Any CPU.ActiveCfg = Debug|Any CPU
		{4AF7C0F4-CAD6-447E-A04D-C4E9FA52F653}.Debug|Any CPU.Build.0 = Debug|Any CPU
		{4AF7C0F4-CAD6-447E-A04D-C4E9FA52F653}.Release|Any CPU.ActiveCfg = Release|Any CPU
		{4AF7C0F4-CAD6-447E-A04D-C4E9FA52F653}.Release|Any CPU.Build.0 = Release|Any CPU
		{20C541BE-28ED-44B9-91C4-4509843377C1}.Debug|Any CPU.ActiveCfg = Debug|Any CPU
		{20C541BE-28ED-44B9-91C4-4509843377C1}.Debug|Any CPU.Build.0 = Debug|Any CPU
		{20C541BE-28ED-44B9-91C4-4509843377C1}.Release|Any CPU.ActiveCfg = Release|Any CPU
		{20C541BE-28ED-44B9-91C4-4509843377C1}.Release|Any CPU.Build.0 = Release|Any CPU
		{9EF9A14C-6E46-40D4-9E82-05655D94BE74}.Debug|Any CPU.ActiveCfg = Debug|Any CPU
		{9EF9A14C-6E46-40D4-9E82-05655D94BE74}.Debug|Any CPU.Build.0 = Debug|Any CPU
		{9EF9A14C-6E46-40D4-9E82-05655D94BE74}.Release|Any CPU.ActiveCfg = Release|Any CPU
		{9EF9A14C-6E46-40D4-9E82-05655D94BE74}.Release|Any CPU.Build.0 = Release|Any CPU
		{DF04E1CB-7BC9-4690-B854-5A3A05E7C50A}.Debug|Any CPU.ActiveCfg = Debug|Any CPU
		{DF04E1CB-7BC9-4690-B854-5A3A05E7C50A}.Debug|Any CPU.Build.0 = Debug|Any CPU
		{DF04E1CB-7BC9-4690-B854-5A3A05E7C50A}.Release|Any CPU.ActiveCfg = Release|Any CPU
		{DF04E1CB-7BC9-4690-B854-5A3A05E7C50A}.Release|Any CPU.Build.0 = Release|Any CPU
	EndGlobalSection
	GlobalSection(SolutionProperties) = preSolution
		HideSolutionNode = FALSE
	EndGlobalSection
	GlobalSection(NestedProjects) = preSolution
		{33B8F4B8-CEB5-4268-A0FE-401D08E3C328} = {EE07B0B8-90F4-49BD-995A-5FA646B82111}
		{9C2B117A-8232-4ABD-8C77-7C12D8C822E1} = {EE07B0B8-90F4-49BD-995A-5FA646B82111}
		{E6257544-65E3-4ADB-BB55-BF82DC224796} = {EE07B0B8-90F4-49BD-995A-5FA646B82111}
		{B697B2C1-CA86-475B-8C01-02875BA33778} = {C48738AD-8B04-4A74-9F0A-841AA68F71F7}
		{E4C793EA-7FB3-4F66-8F75-7374DE8EC922} = {C48738AD-8B04-4A74-9F0A-841AA68F71F7}
		{AD1DFCE4-9DBF-4637-BA12-5810D06A794D} = {C48738AD-8B04-4A74-9F0A-841AA68F71F7}
		{1EA24AF8-3296-47B9-90E4-334A572D3CFC} = {7BE28083-7524-41EF-BBDC-1489F1376C83}
		{57288AA3-2113-4DD3-8507-06F647813936} = {7BE28083-7524-41EF-BBDC-1489F1376C83}
		{64C20523-6420-4811-A907-DE7728923035} = {7BE28083-7524-41EF-BBDC-1489F1376C83}
		{E816CA55-A0A2-4043-815E-6C98D43222E0} = {6572E666-D728-4E8C-BC75-99437AE788B9}
		{6D873495-E9AD-43B3-AFE3-9DD1E5D069EF} = {6572E666-D728-4E8C-BC75-99437AE788B9}
		{4AF7C0F4-CAD6-447E-A04D-C4E9FA52F653} = {6572E666-D728-4E8C-BC75-99437AE788B9}
		{20C541BE-28ED-44B9-91C4-4509843377C1} = {F471EFFF-712A-44B5-9474-B40B5C586FC6}
		{9EF9A14C-6E46-40D4-9E82-05655D94BE74} = {F471EFFF-712A-44B5-9474-B40B5C586FC6}
		{DF04E1CB-7BC9-4690-B854-5A3A05E7C50A} = {F471EFFF-712A-44B5-9474-B40B5C586FC6}
	EndGlobalSection
	GlobalSection(ExtensibilityGlobals) = postSolution
		SolutionGuid = {DA05EC52-DEF4-423D-B2C6-680268DDF1C7}
	EndGlobalSection
EndGlobal
